
Microsoft Visual Studio Solution File, Format Version 12.00
# Visual Studio Version 17
VisualStudioVersion = 17.0.32112.339
MinimumVisualStudioVersion = 10.0.40219.1
Project("{9A19103F-16F7-4668-BE54-9A1E7A4F7556}") = "NewGrammerTest", "NewGrammerTest\NewGrammerTest.csproj", "{1556C517-2A50-4E06-80C5-0E75ED0FFB68}"
EndProject
Project("{9A19103F-16F7-4668-BE54-9A1E7A4F7556}") = "TestDraw", "TestDraw\TestDraw.csproj", "{0D9B78C3-3ECE-47D7-8D95-E967A0055582}"
EndProject
Project("{9A19103F-16F7-4668-BE54-9A1E7A4F7556}") = "TestSpeedForCached", "TestSpeedForCached\TestSpeedForCached.csproj", "{74049839-9C82-4A71-A54D-259BD084C5D1}"
EndProject
Project("{9A19103F-16F7-4668-BE54-9A1E7A4F7556}") = "ClrTheard", "ClrTheard\ClrTheard.csproj", "{90402D39-9CF7-4FB8-81FB-BB6F2D089098}"
EndProject
Project("{9A19103F-16F7-4668-BE54-9A1E7A4F7556}") = "CheckUncheck", "CheckUncheck\CheckUncheck.csproj", "{BD70F028-E0DC-4014-86AA-9F49AE4BF0B6}"
EndProject
Project("{9A19103F-16F7-4668-BE54-9A1E7A4F7556}") = "Test", "Test\Test.csproj", "{1D937F61-1889-453D-AD75-08CD276D2610}"
EndProject
Project("{9A19103F-16F7-4668-BE54-9A1E7A4F7556}") = "SingletonTemplateTest", "SingletonTemplateTest\SingletonTemplateTest.csproj", "{568A1416-B50A-407E-81D4-2DFF47064B89}"
EndProject
Project("{FAE04EC0-301F-11D3-BF4B-00C04F79EFBC}") = "AbstractFactory", "AbstractFactory\AbstractFactory.csproj", "{A7DD8515-953E-450E-929A-EF9012E138F8}"
EndProject
Project("{FAE04EC0-301F-11D3-BF4B-00C04F79EFBC}") = "BuilderPattern", "BuilderPattern\BuilderPattern.csproj", "{FF71CD2D-BE0E-4F25-9A82-A7B72F56CC31}"
EndProject
Project("{FAE04EC0-301F-11D3-BF4B-00C04F79EFBC}") = "FactoryMethod", "FactoryMethod\FactoryMethod.csproj", "{718163D2-295E-4A79-96F0-57E9CD75CFC3}"
EndProject
Project("{FAE04EC0-301F-11D3-BF4B-00C04F79EFBC}") = "Prototype", "Prototype\Prototype.csproj", "{5631CFC1-E6FB-498D-857A-49E02CF96E58}"
EndProject
Global
	GlobalSection(SolutionConfigurationPlatforms) = preSolution
		Debug|Any CPU = Debug|Any CPU
		Debug|x86 = Debug|x86
		Release|Any CPU = Release|Any CPU
		Release|x86 = Release|x86
	EndGlobalSection
	GlobalSection(ProjectConfigurationPlatforms) = postSolution
		{1556C517-2A50-4E06-80C5-0E75ED0FFB68}.Debug|Any CPU.ActiveCfg = Debug|Any CPU
		{1556C517-2A50-4E06-80C5-0E75ED0FFB68}.Debug|Any CPU.Build.0 = Debug|Any CPU
		{1556C517-2A50-4E06-80C5-0E75ED0FFB68}.Debug|x86.ActiveCfg = Debug|Any CPU
		{1556C517-2A50-4E06-80C5-0E75ED0FFB68}.Debug|x86.Build.0 = Debug|Any CPU
		{1556C517-2A50-4E06-80C5-0E75ED0FFB68}.Release|Any CPU.ActiveCfg = Release|Any CPU
		{1556C517-2A50-4E06-80C5-0E75ED0FFB68}.Release|Any CPU.Build.0 = Release|Any CPU
		{1556C517-2A50-4E06-80C5-0E75ED0FFB68}.Release|x86.ActiveCfg = Release|Any CPU
		{1556C517-2A50-4E06-80C5-0E75ED0FFB68}.Release|x86.Build.0 = Release|Any CPU
		{0D9B78C3-3ECE-47D7-8D95-E967A0055582}.Debug|Any CPU.ActiveCfg = Debug|Any CPU
		{0D9B78C3-3ECE-47D7-8D95-E967A0055582}.Debug|Any CPU.Build.0 = Debug|Any CPU
		{0D9B78C3-3ECE-47D7-8D95-E967A0055582}.Debug|x86.ActiveCfg = Debug|Any CPU
		{0D9B78C3-3ECE-47D7-8D95-E967A0055582}.Debug|x86.Build.0 = Debug|Any CPU
		{0D9B78C3-3ECE-47D7-8D95-E967A0055582}.Release|Any CPU.ActiveCfg = Release|Any CPU
		{0D9B78C3-3ECE-47D7-8D95-E967A0055582}.Release|Any CPU.Build.0 = Release|Any CPU
		{0D9B78C3-3ECE-47D7-8D95-E967A0055582}.Release|x86.ActiveCfg = Release|Any CPU
		{0D9B78C3-3ECE-47D7-8D95-E967A0055582}.Release|x86.Build.0 = Release|Any CPU
		{74049839-9C82-4A71-A54D-259BD084C5D1}.Debug|Any CPU.ActiveCfg = Debug|Any CPU
		{74049839-9C82-4A71-A54D-259BD084C5D1}.Debug|Any CPU.Build.0 = Debug|Any CPU
		{74049839-9C82-4A71-A54D-259BD084C5D1}.Debug|x86.ActiveCfg = Debug|Any CPU
		{74049839-9C82-4A71-A54D-259BD084C5D1}.Debug|x86.Build.0 = Debug|Any CPU
		{74049839-9C82-4A71-A54D-259BD084C5D1}.Release|Any CPU.ActiveCfg = Release|Any CPU
		{74049839-9C82-4A71-A54D-259BD084C5D1}.Release|Any CPU.Build.0 = Release|Any CPU
		{74049839-9C82-4A71-A54D-259BD084C5D1}.Release|x86.ActiveCfg = Release|Any CPU
		{74049839-9C82-4A71-A54D-259BD084C5D1}.Release|x86.Build.0 = Release|Any CPU
		{90402D39-9CF7-4FB8-81FB-BB6F2D089098}.Debug|Any CPU.ActiveCfg = Debug|Any CPU
		{90402D39-9CF7-4FB8-81FB-BB6F2D089098}.Debug|Any CPU.Build.0 = Debug|Any CPU
		{90402D39-9CF7-4FB8-81FB-BB6F2D089098}.Debug|x86.ActiveCfg = Debug|x86
		{90402D39-9CF7-4FB8-81FB-BB6F2D089098}.Debug|x86.Build.0 = Debug|x86
		{90402D39-9CF7-4FB8-81FB-BB6F2D089098}.Release|Any CPU.ActiveCfg = Release|Any CPU
		{90402D39-9CF7-4FB8-81FB-BB6F2D089098}.Release|Any CPU.Build.0 = Release|Any CPU
		{90402D39-9CF7-4FB8-81FB-BB6F2D089098}.Release|x86.ActiveCfg = Release|x86
		{90402D39-9CF7-4FB8-81FB-BB6F2D089098}.Release|x86.Build.0 = Release|x86
		{BD70F028-E0DC-4014-86AA-9F49AE4BF0B6}.Debug|Any CPU.ActiveCfg = Debug|Any CPU
		{BD70F028-E0DC-4014-86AA-9F49AE4BF0B6}.Debug|Any CPU.Build.0 = Debug|Any CPU
		{BD70F028-E0DC-4014-86AA-9F49AE4BF0B6}.Debug|x86.ActiveCfg = Debug|Any CPU
		{BD70F028-E0DC-4014-86AA-9F49AE4BF0B6}.Debug|x86.Build.0 = Debug|Any CPU
		{BD70F028-E0DC-4014-86AA-9F49AE4BF0B6}.Release|Any CPU.ActiveCfg = Release|Any CPU
		{BD70F028-E0DC-4014-86AA-9F49AE4BF0B6}.Release|Any CPU.Build.0 = Release|Any CPU
		{BD70F028-E0DC-4014-86AA-9F49AE4BF0B6}.Release|x86.ActiveCfg = Release|Any CPU
		{BD70F028-E0DC-4014-86AA-9F49AE4BF0B6}.Release|x86.Build.0 = Release|Any CPU
		{1D937F61-1889-453D-AD75-08CD276D2610}.Debug|Any CPU.ActiveCfg = Debug|Any CPU
		{1D937F61-1889-453D-AD75-08CD276D2610}.Debug|Any CPU.Build.0 = Debug|Any CPU
		{1D937F61-1889-453D-AD75-08CD276D2610}.Debug|x86.ActiveCfg = Debug|Any CPU
		{1D937F61-1889-453D-AD75-08CD276D2610}.Debug|x86.Build.0 = Debug|Any CPU
		{1D937F61-1889-453D-AD75-08CD276D2610}.Release|Any CPU.ActiveCfg = Release|Any CPU
		{1D937F61-1889-453D-AD75-08CD276D2610}.Release|Any CPU.Build.0 = Release|Any CPU
		{1D937F61-1889-453D-AD75-08CD276D2610}.Release|x86.ActiveCfg = Release|Any CPU
		{1D937F61-1889-453D-AD75-08CD276D2610}.Release|x86.Build.0 = Release|Any CPU
		{568A1416-B50A-407E-81D4-2DFF47064B89}.Debug|Any CPU.ActiveCfg = Debug|Any CPU
		{568A1416-B50A-407E-81D4-2DFF47064B89}.Debug|Any CPU.Build.0 = Debug|Any CPU
		{568A1416-B50A-407E-81D4-2DFF47064B89}.Debug|x86.ActiveCfg = Debug|Any CPU
		{568A1416-B50A-407E-81D4-2DFF47064B89}.Debug|x86.Build.0 = Debug|Any CPU
		{568A1416-B50A-407E-81D4-2DFF47064B89}.Release|Any CPU.ActiveCfg = Release|Any CPU
		{568A1416-B50A-407E-81D4-2DFF47064B89}.Release|Any CPU.Build.0 = Release|Any CPU
		{568A1416-B50A-407E-81D4-2DFF47064B89}.Release|x86.ActiveCfg = Release|Any CPU
		{568A1416-B50A-407E-81D4-2DFF47064B89}.Release|x86.Build.0 = Release|Any CPU
		{A7DD8515-953E-450E-929A-EF9012E138F8}.Debug|Any CPU.ActiveCfg = Debug|Any CPU
		{A7DD8515-953E-450E-929A-EF9012E138F8}.Debug|Any CPU.Build.0 = Debug|Any CPU
		{A7DD8515-953E-450E-929A-EF9012E138F8}.Debug|x86.ActiveCfg = Debug|Any CPU
		{A7DD8515-953E-450E-929A-EF9012E138F8}.Debug|x86.Build.0 = Debug|Any CPU
		{A7DD8515-953E-450E-929A-EF9012E138F8}.Release|Any CPU.ActiveCfg = Release|Any CPU
		{A7DD8515-953E-450E-929A-EF9012E138F8}.Release|Any CPU.Build.0 = Release|Any CPU
		{A7DD8515-953E-450E-929A-EF9012E138F8}.Release|x86.ActiveCfg = Release|Any CPU
		{A7DD8515-953E-450E-929A-EF9012E138F8}.Release|x86.Build.0 = Release|Any CPU
		{FF71CD2D-BE0E-4F25-9A82-A7B72F56CC31}.Debug|Any CPU.ActiveCfg = Debug|Any CPU
		{FF71CD2D-BE0E-4F25-9A82-A7B72F56CC31}.Debug|Any CPU.Build.0 = Debug|Any CPU
		{FF71CD2D-BE0E-4F25-9A82-A7B72F56CC31}.Debug|x86.ActiveCfg = Debug|Any CPU
		{FF71CD2D-BE0E-4F25-9A82-A7B72F56CC31}.Debug|x86.Build.0 = Debug|Any CPU
		{FF71CD2D-BE0E-4F25-9A82-A7B72F56CC31}.Release|Any CPU.ActiveCfg = Release|Any CPU
		{FF71CD2D-BE0E-4F25-9A82-A7B72F56CC31}.Release|Any CPU.Build.0 = Release|Any CPU
		{FF71CD2D-BE0E-4F25-9A82-A7B72F56CC31}.Release|x86.ActiveCfg = Release|Any CPU
		{FF71CD2D-BE0E-4F25-9A82-A7B72F56CC31}.Release|x86.Build.0 = Release|Any CPU
		{718163D2-295E-4A79-96F0-57E9CD75CFC3}.Debug|Any CPU.ActiveCfg = Debug|Any CPU
		{718163D2-295E-4A79-96F0-57E9CD75CFC3}.Debug|Any CPU.Build.0 = Debug|Any CPU
		{718163D2-295E-4A79-96F0-57E9CD75CFC3}.Debug|x86.ActiveCfg = Debug|Any CPU
		{718163D2-295E-4A79-96F0-57E9CD75CFC3}.Debug|x86.Build.0 = Debug|Any CPU
		{718163D2-295E-4A79-96F0-57E9CD75CFC3}.Release|Any CPU.ActiveCfg = Release|Any CPU
		{718163D2-295E-4A79-96F0-57E9CD75CFC3}.Release|Any CPU.Build.0 = Release|Any CPU
		{718163D2-295E-4A79-96F0-57E9CD75CFC3}.Release|x86.ActiveCfg = Release|Any CPU
		{718163D2-295E-4A79-96F0-57E9CD75CFC3}.Release|x86.Build.0 = Release|Any CPU
		{5631CFC1-E6FB-498D-857A-49E02CF96E58}.Debug|Any CPU.ActiveCfg = Debug|Any CPU
		{5631CFC1-E6FB-498D-857A-49E02CF96E58}.Debug|Any CPU.Build.0 = Debug|Any CPU
		{5631CFC1-E6FB-498D-857A-49E02CF96E58}.Debug|x86.ActiveCfg = Debug|Any CPU
		{5631CFC1-E6FB-498D-857A-49E02CF96E58}.Debug|x86.Build.0 = Debug|Any CPU
		{5631CFC1-E6FB-498D-857A-49E02CF96E58}.Release|Any CPU.ActiveCfg = Release|Any CPU
		{5631CFC1-E6FB-498D-857A-49E02CF96E58}.Release|Any CPU.Build.0 = Release|Any CPU
		{5631CFC1-E6FB-498D-857A-49E02CF96E58}.Release|x86.ActiveCfg = Release|Any CPU
		{5631CFC1-E6FB-498D-857A-49E02CF96E58}.Release|x86.Build.0 = Release|Any CPU
	EndGlobalSection
	GlobalSection(SolutionProperties) = preSolution
		HideSolutionNode = FALSE
	EndGlobalSection
	GlobalSection(ExtensibilityGlobals) = postSolution
		SolutionGuid = {08B4BC5A-C953-4B2E-844A-0C677DADC94D}
	EndGlobalSection
EndGlobal
