
Microsoft Visual Studio Solution File, Format Version 12.00
# Visual Studio Version 17
VisualStudioVersion = 17.4.33006.217
MinimumVisualStudioVersion = 10.0.40219.1
Project("{FAE04EC0-301F-11D3-BF4B-00C04F79EFBC}") = "CommunityToolkitDemoFramework", "CommunityToolkitDemoFramework\CommunityToolkitDemoFramework.csproj", "{D75F962E-5B45-4A6B-812A-D889BD70D807}"
EndProject
Global
	GlobalSection(SolutionConfigurationPlatforms) = preSolution
		Debug|Any CPU = Debug|Any CPU
		Release|Any CPU = Release|Any CPU
	EndGlobalSection
	GlobalSection(ProjectConfigurationPlatforms) = postSolution
		{D75F962E-5B45-4A6B-812A-D889BD70D807}.Debug|Any CPU.ActiveCfg = Debug|Any CPU
		{D75F962E-5B45-4A6B-812A-D889BD70D807}.Debug|Any CPU.Build.0 = Debug|Any CPU
		{D75F962E-5B45-4A6B-812A-D889BD70D807}.Release|Any CPU.ActiveCfg = Release|Any CPU
		{D75F962E-5B45-4A6B-812A-D889BD70D807}.Release|Any CPU.Build.0 = Release|Any CPU
	EndGlobalSection
	GlobalSection(SolutionProperties) = preSolution
		HideSolutionNode = FALSE
	EndGlobalSection
	GlobalSection(ExtensibilityGlobals) = postSolution
		SolutionGuid = {89A89A68-41F2-47AE-873A-66C3B933E5CB}
	EndGlobalSection
EndGlobal
