
Microsoft Visual Studio Solution File, Format Version 12.00
# Visual Studio Version 17
VisualStudioVersion = 17.6.33829.357
MinimumVisualStudioVersion = 10.0.40219.1
Project("{9A19103F-16F7-4668-BE54-9A1E7A4F7556}") = "MySourceGenerator", "MySourceGenerator\MySourceGenerator.csproj", "{EA7C8090-D66C-4A23-B646-2B22DCA5DA5C}"
EndProject
Project("{9A19103F-16F7-4668-BE54-9A1E7A4F7556}") = "GeneratorHelloWorld", "GeneratorHelloWorld\GeneratorHelloWorld.csproj", "{D281FCF8-04DA-44A9-A669-2128D12D92C5}"
EndProject
Project("{FAE04EC0-301F-11D3-BF4B-00C04F79EFBC}") = "PartalTest", "PartalTest\PartalTest.csproj", "{7DC85406-CC34-4036-9E1C-B3CDD55CCA33}"
EndProject
Global
	GlobalSection(SolutionConfigurationPlatforms) = preSolution
		Debug|Any CPU = Debug|Any CPU
		Release|Any CPU = Release|Any CPU
	EndGlobalSection
	GlobalSection(ProjectConfigurationPlatforms) = postSolution
		{EA7C8090-D66C-4A23-B646-2B22DCA5DA5C}.Debug|Any CPU.ActiveCfg = Debug|Any CPU
		{EA7C8090-D66C-4A23-B646-2B22DCA5DA5C}.Debug|Any CPU.Build.0 = Debug|Any CPU
		{EA7C8090-D66C-4A23-B646-2B22DCA5DA5C}.Release|Any CPU.ActiveCfg = Release|Any CPU
		{EA7C8090-D66C-4A23-B646-2B22DCA5DA5C}.Release|Any CPU.Build.0 = Release|Any CPU
		{D281FCF8-04DA-44A9-A669-2128D12D92C5}.Debug|Any CPU.ActiveCfg = Debug|Any CPU
		{D281FCF8-04DA-44A9-A669-2128D12D92C5}.Debug|Any CPU.Build.0 = Debug|Any CPU
		{D281FCF8-04DA-44A9-A669-2128D12D92C5}.Release|Any CPU.ActiveCfg = Release|Any CPU
		{D281FCF8-04DA-44A9-A669-2128D12D92C5}.Release|Any CPU.Build.0 = Release|Any CPU
		{7DC85406-CC34-4036-9E1C-B3CDD55CCA33}.Debug|Any CPU.ActiveCfg = Debug|Any CPU
		{7DC85406-CC34-4036-9E1C-B3CDD55CCA33}.Debug|Any CPU.Build.0 = Debug|Any CPU
		{7DC85406-CC34-4036-9E1C-B3CDD55CCA33}.Release|Any CPU.ActiveCfg = Release|Any CPU
		{7DC85406-CC34-4036-9E1C-B3CDD55CCA33}.Release|Any CPU.Build.0 = Release|Any CPU
	EndGlobalSection
	GlobalSection(SolutionProperties) = preSolution
		HideSolutionNode = FALSE
	EndGlobalSection
	GlobalSection(ExtensibilityGlobals) = postSolution
		SolutionGuid = {F826A3E4-E181-4F32-BC12-80E533AD9023}
	EndGlobalSection
EndGlobal
