
Microsoft Visual Studio Solution File, Format Version 12.00
# Visual Studio Version 17
VisualStudioVersion = 17.0.32112.339
MinimumVisualStudioVersion = 10.0.40219.1
Project("{FAE04EC0-301F-11D3-BF4B-00C04F79EFBC}") = "EfCoreUseToDotNetFramework", "EfCoreUseToDotNetFramework\EfCoreUseToDotNetFramework.csproj", "{E34C52A9-6E97-496A-8300-FBC5A228F45D}"
EndProject
Global
	GlobalSection(SolutionConfigurationPlatforms) = preSolution
		Debug|Any CPU = Debug|Any CPU
		Release|Any CPU = Release|Any CPU
	EndGlobalSection
	GlobalSection(ProjectConfigurationPlatforms) = postSolution
		{E34C52A9-6E97-496A-8300-FBC5A228F45D}.Debug|Any CPU.ActiveCfg = Debug|Any CPU
		{E34C52A9-6E97-496A-8300-FBC5A228F45D}.Debug|Any CPU.Build.0 = Debug|Any CPU
		{E34C52A9-6E97-496A-8300-FBC5A228F45D}.Release|Any CPU.ActiveCfg = Release|Any CPU
		{E34C52A9-6E97-496A-8300-FBC5A228F45D}.Release|Any CPU.Build.0 = Release|Any CPU
	EndGlobalSection
	GlobalSection(SolutionProperties) = preSolution
		HideSolutionNode = FALSE
	EndGlobalSection
	GlobalSection(ExtensibilityGlobals) = postSolution
		SolutionGuid = {92C6C1ED-628B-4EF2-A0E6-2CA7F9F300F2}
	EndGlobalSection
EndGlobal
