
Microsoft Visual Studio Solution File, Format Version 12.00
# Visual Studio Version 17
VisualStudioVersion = 17.7.34221.43
MinimumVisualStudioVersion = 10.0.40219.1
Project("{FAE04EC0-301F-11D3-BF4B-00C04F79EFBC}") = "UserSuperSocketDemo", "UserSuperSocketDemo\UserSuperSocketDemo.csproj", "{0C190460-9501-48CB-9702-F7BF155C8F15}"
EndProject
Project("{FAE04EC0-301F-11D3-BF4B-00C04F79EFBC}") = "UserSuperSocketClient", "UserSuperSocketClient\UserSuperSocketClient.csproj", "{C687C1EF-096D-4CBC-A59B-B28CC15D97CC}"
EndProject
Project("{FAE04EC0-301F-11D3-BF4B-00C04F79EFBC}") = "UseSuperSocketCoreServer", "UseSuperSocketCoreServer\UseSuperSocketCoreServer.csproj", "{CC30EA64-A8EE-426A-8D02-3A3D2877BDB0}"
EndProject
Project("{FAE04EC0-301F-11D3-BF4B-00C04F79EFBC}") = "UseSuperSocketCoreClient", "UseSuperSocketCoreClient\UseSuperSocketCoreClient.csproj", "{53B0374D-ED86-4469-AC7B-85AC7E1051FA}"
EndProject
Global
	GlobalSection(SolutionConfigurationPlatforms) = preSolution
		Debug|Any CPU = Debug|Any CPU
		Release|Any CPU = Release|Any CPU
	EndGlobalSection
	GlobalSection(ProjectConfigurationPlatforms) = postSolution
		{0C190460-9501-48CB-9702-F7BF155C8F15}.Debug|Any CPU.ActiveCfg = Debug|Any CPU
		{0C190460-9501-48CB-9702-F7BF155C8F15}.Debug|Any CPU.Build.0 = Debug|Any CPU
		{0C190460-9501-48CB-9702-F7BF155C8F15}.Release|Any CPU.ActiveCfg = Release|Any CPU
		{0C190460-9501-48CB-9702-F7BF155C8F15}.Release|Any CPU.Build.0 = Release|Any CPU
		{C687C1EF-096D-4CBC-A59B-B28CC15D97CC}.Debug|Any CPU.ActiveCfg = Debug|Any CPU
		{C687C1EF-096D-4CBC-A59B-B28CC15D97CC}.Debug|Any CPU.Build.0 = Debug|Any CPU
		{C687C1EF-096D-4CBC-A59B-B28CC15D97CC}.Release|Any CPU.ActiveCfg = Release|Any CPU
		{C687C1EF-096D-4CBC-A59B-B28CC15D97CC}.Release|Any CPU.Build.0 = Release|Any CPU
		{CC30EA64-A8EE-426A-8D02-3A3D2877BDB0}.Debug|Any CPU.ActiveCfg = Debug|Any CPU
		{CC30EA64-A8EE-426A-8D02-3A3D2877BDB0}.Debug|Any CPU.Build.0 = Debug|Any CPU
		{CC30EA64-A8EE-426A-8D02-3A3D2877BDB0}.Release|Any CPU.ActiveCfg = Release|Any CPU
		{CC30EA64-A8EE-426A-8D02-3A3D2877BDB0}.Release|Any CPU.Build.0 = Release|Any CPU
		{53B0374D-ED86-4469-AC7B-85AC7E1051FA}.Debug|Any CPU.ActiveCfg = Debug|Any CPU
		{53B0374D-ED86-4469-AC7B-85AC7E1051FA}.Debug|Any CPU.Build.0 = Debug|Any CPU
		{53B0374D-ED86-4469-AC7B-85AC7E1051FA}.Release|Any CPU.ActiveCfg = Release|Any CPU
		{53B0374D-ED86-4469-AC7B-85AC7E1051FA}.Release|Any CPU.Build.0 = Release|Any CPU
	EndGlobalSection
	GlobalSection(SolutionProperties) = preSolution
		HideSolutionNode = FALSE
	EndGlobalSection
	GlobalSection(ExtensibilityGlobals) = postSolution
		SolutionGuid = {269253CA-BEC2-43C9-BD86-389F5EC0D481}
	EndGlobalSection
EndGlobal
