
Microsoft Visual Studio Solution File, Format Version 12.00
# Visual Studio 14
VisualStudioVersion = 14.0.25420.1
MinimumVisualStudioVersion = 10.0.40219.1
Project("{FAE04EC0-301F-11D3-BF4B-00C04F79EFBC}") = "OpenCvSharpDemo", "OpenCvSharpDemo\OpenCvSharpDemo.csproj", "{42D1C3CF-798C-4893-9D38-C1CFBFBF2E62}"
EndProject
Project("{FAE04EC0-301F-11D3-BF4B-00C04F79EFBC}") = "VisionFroOpenCvSharpDll", "VisionFroOpenCvSharpDll\VisionFroOpenCvSharpDll.csproj", "{43B3D507-7345-400A-8169-7954BD14921A}"
EndProject
Project("{FAE04EC0-301F-11D3-BF4B-00C04F79EFBC}") = "CustomerControl", "CustomerControl\CustomerControl.csproj", "{4A09F00D-79DB-4D6D-B242-D3B6B87EE904}"
EndProject
Project("{FAE04EC0-301F-11D3-BF4B-00C04F79EFBC}") = "TestDemo", "TestDemo\TestDemo.csproj", "{A096EF2F-1500-48B5-A656-A4DF1BD4637F}"
EndProject
Global
	GlobalSection(SolutionConfigurationPlatforms) = preSolution
		Debug|Any CPU = Debug|Any CPU
		Release|Any CPU = Release|Any CPU
	EndGlobalSection
	GlobalSection(ProjectConfigurationPlatforms) = postSolution
		{42D1C3CF-798C-4893-9D38-C1CFBFBF2E62}.Debug|Any CPU.ActiveCfg = Debug|Any CPU
		{42D1C3CF-798C-4893-9D38-C1CFBFBF2E62}.Debug|Any CPU.Build.0 = Debug|Any CPU
		{42D1C3CF-798C-4893-9D38-C1CFBFBF2E62}.Release|Any CPU.ActiveCfg = Release|Any CPU
		{42D1C3CF-798C-4893-9D38-C1CFBFBF2E62}.Release|Any CPU.Build.0 = Release|Any CPU
		{43B3D507-7345-400A-8169-7954BD14921A}.Debug|Any CPU.ActiveCfg = Debug|Any CPU
		{43B3D507-7345-400A-8169-7954BD14921A}.Debug|Any CPU.Build.0 = Debug|Any CPU
		{43B3D507-7345-400A-8169-7954BD14921A}.Release|Any CPU.ActiveCfg = Release|Any CPU
		{43B3D507-7345-400A-8169-7954BD14921A}.Release|Any CPU.Build.0 = Release|Any CPU
		{4A09F00D-79DB-4D6D-B242-D3B6B87EE904}.Debug|Any CPU.ActiveCfg = Debug|Any CPU
		{4A09F00D-79DB-4D6D-B242-D3B6B87EE904}.Debug|Any CPU.Build.0 = Debug|Any CPU
		{4A09F00D-79DB-4D6D-B242-D3B6B87EE904}.Release|Any CPU.ActiveCfg = Release|Any CPU
		{4A09F00D-79DB-4D6D-B242-D3B6B87EE904}.Release|Any CPU.Build.0 = Release|Any CPU
		{A096EF2F-1500-48B5-A656-A4DF1BD4637F}.Debug|Any CPU.ActiveCfg = Debug|Any CPU
		{A096EF2F-1500-48B5-A656-A4DF1BD4637F}.Debug|Any CPU.Build.0 = Debug|Any CPU
		{A096EF2F-1500-48B5-A656-A4DF1BD4637F}.Release|Any CPU.ActiveCfg = Release|Any CPU
		{A096EF2F-1500-48B5-A656-A4DF1BD4637F}.Release|Any CPU.Build.0 = Release|Any CPU
	EndGlobalSection
	GlobalSection(SolutionProperties) = preSolution
		HideSolutionNode = FALSE
	EndGlobalSection
EndGlobal
