
Microsoft Visual Studio Solution File, Format Version 12.00
Project("{FAE04EC0-301F-11D3-BF4B-00C04F79EFBC}") = "NavigationBar", "NavigationBar\NavigationBar.csproj", "{A3E6BA1A-E9C1-47E6-B51C-8EE1A64C4142}"
EndProject
Project("{FAE04EC0-301F-11D3-BF4B-00C04F79EFBC}") = "DemoApp", "DemoApp\DemoApp.csproj", "{501AC70A-47D8-4A78-BA5E-55C3E8621558}"
EndProject
Global
	GlobalSection(SolutionConfigurationPlatforms) = preSolution
		Debug|Any CPU = Debug|Any CPU
		Release|Any CPU = Release|Any CPU
	EndGlobalSection
	GlobalSection(ProjectConfigurationPlatforms) = postSolution
		{A3E6BA1A-E9C1-47E6-B51C-8EE1A64C4142}.Debug|Any CPU.ActiveCfg = Debug|Any CPU
		{A3E6BA1A-E9C1-47E6-B51C-8EE1A64C4142}.Debug|Any CPU.Build.0 = Debug|Any CPU
		{A3E6BA1A-E9C1-47E6-B51C-8EE1A64C4142}.Release|Any CPU.ActiveCfg = Release|Any CPU
		{A3E6BA1A-E9C1-47E6-B51C-8EE1A64C4142}.Release|Any CPU.Build.0 = Release|Any CPU
		{501AC70A-47D8-4A78-BA5E-55C3E8621558}.Debug|Any CPU.ActiveCfg = Debug|Any CPU
		{501AC70A-47D8-4A78-BA5E-55C3E8621558}.Debug|Any CPU.Build.0 = Debug|Any CPU
		{501AC70A-47D8-4A78-BA5E-55C3E8621558}.Release|Any CPU.ActiveCfg = Release|Any CPU
		{501AC70A-47D8-4A78-BA5E-55C3E8621558}.Release|Any CPU.Build.0 = Release|Any CPU
	EndGlobalSection
EndGlobal
